// !$*UTF8*$!
{
	archiveVersion = 1;
	classes = {
	};
	objectVersion = 46;
	objects = {

/* Begin PBXBuildFile section */
		BF94DDCA1A281CE900A60421 /* main.c in Sources */ = {isa = PBXBuildFile; fileRef = BF94DDC91A281CE900A60421 /* main.c */; };
/* End PBXBuildFile section */

/* Begin PBXCopyFilesBuildPhase section */
		BF94DDC41A281CE900A60421 /* CopyFiles */ = {
			isa = PBXCopyFilesBuildPhase;
			buildActionMask = 2147483647;
			dstPath = /usr/share/man/man1/;
			dstSubfolderSpec = 0;
			files = (
			);
			runOnlyForDeploymentPostprocessing = 1;
		};
/* End PBXCopyFilesBuildPhase section */

/* Begin PBXFileReference section */
		BF94DDC61A281CE900A60421 /* SequentialSA */ = {isa = PBXFileReference; explicitFileType = "compiled.mach-o.executable"; includeInIndex = 0; path = SequentialSA; sourceTree = BUILT_PRODUCTS_DIR; };
		BF94DDC91A281CE900A60421 /* main.c */ = {isa = PBXFileReference; lastKnownFileType = sourcecode.c.c; path = main.c; sourceTree = "<group>"; };
		BFAFC1091A3CAB8200CE103C /* plots */ = {isa = PBXFileReference; fileEncoding = 4; lastKnownFileType = text; path = plots; sourceTree = "<group>"; };
/* End PBXFileReference section */

/* Begin PBXFrameworksBuildPhase section */
		BF94DDC31A281CE900A60421 /* Frameworks */ = {
			isa = PBXFrameworksBuildPhase;
			buildActionMask = 2147483647;
			files = (
			);
			runOnlyForDeploymentPostprocessing = 0;
		};
/* End PBXFrameworksBuildPhase section */

/* Begin PBXGroup section */
		BF94DDBD1A281CE900A60421 = {
			isa = PBXGroup;
			children = (
				BF94DDC81A281CE900A60421 /* SequentialSA */,
				BF94DDC71A281CE900A60421 /* Products */,
			);
			sourceTree = "<group>";
		};
		BF94DDC71A281CE900A60421 /* Products */ = {
			isa = PBXGroup;
			children = (
				BF94DDC61A281CE900A60421 /* SequentialSA */,
			);
			name = Products;
			sourceTree = "<group>";
		};
		BF94DDC81A281CE900A60421 /* SequentialSA */ = {
			isa = PBXGroup;
			children = (
				BF94DDC91A281CE900A60421 /* main.c */,
				BFAFC1091A3CAB8200CE103C /* plots */,
			);
			path = SequentialSA;
			sourceTree = "<group>";
		};
/* End PBXGroup section */

/* Begin PBXNativeTarget section */
		BF94DDC51A281CE900A60421 /* SequentialSA */ = {
			isa = PBXNativeTarget;
			buildConfigurationList = BF94DDCD1A281CE900A60421 /* Build configuration list for PBXNativeTarget "SequentialSA" */;
			buildPhases = (
				BF94DDC21A281CE900A60421 /* Sources */,
				BF94DDC31A281CE900A60421 /* Frameworks */,
				BF94DDC41A281CE900A60421 /* CopyFiles */,
			);
			buildRules = (
			);
			dependencies = (
			);
			name = SequentialSA;
			productName = SequentialSA;
			productReference = BF94DDC61A281CE900A60421 /* SequentialSA */;
			productType = "com.apple.product-type.tool";
		};
/* End PBXNativeTarget section */

/* Begin PBXProject section */
		BF94DDBE1A281CE900A60421 /* Project object */ = {
			isa = PBXProject;
			attributes = {
				LastUpgradeCheck = 0610;
				ORGANIZATIONNAME = "Vincent Ramdhanie";
				TargetAttributes = {
					BF94DDC51A281CE900A60421 = {
						CreatedOnToolsVersion = 6.1;
					};
				};
			};
			buildConfigurationList = BF94DDC11A281CE900A60421 /* Build configuration list for PBXProject "SequentialSA" */;
			compatibilityVersion = "Xcode 3.2";
			developmentRegion = English;
			hasScannedForEncodings = 0;
			knownRegions = (
				en,
			);
			mainGroup = BF94DDBD1A281CE900A60421;
			productRefGroup = BF94DDC71A281CE900A60421 /* Products */;
			projectDirPath = "";
			projectRoot = "";
			targets = (
				BF94DDC51A281CE900A60421 /* SequentialSA */,
			);
		};
/* End PBXProject section */

/* Begin PBXSourcesBuildPhase section */
		BF94DDC21A281CE900A60421 /* Sources */ = {
			isa = PBXSourcesBuildPhase;
			buildActionMask = 2147483647;
			files = (
				BF94DDCA1A281CE900A60421 /* main.c in Sources */,
			);
			runOnlyForDeploymentPostprocessing = 0;
		};
/* End PBXSourcesBuildPhase section */

/* Begin XCBuildConfiguration section */
		BF94DDCB1A281CE900A60421 /* Debug */ = {
			isa = XCBuildConfiguration;
			buildSettings = {
				ALWAYS_SEARCH_USER_PATHS = NO;
				CLANG_CXX_LANGUAGE_STANDARD = "gnu++0x";
				CLANG_CXX_LIBRARY = "libc++";
				CLANG_ENABLE_MODULES = YES;
				CLANG_ENABLE_OBJC_ARC = YES;
				CLANG_WARN_BOOL_CONVERSION = YES;
				CLANG_WARN_CONSTANT_CONVERSION = YES;
				CLANG_WARN_DIRECT_OBJC_ISA_USAGE = YES_ERROR;
				CLANG_WARN_EMPTY_BODY = YES;
				CLANG_WARN_ENUM_CONVERSION = YES;
				CLANG_WARN_INT_CONVERSION = YES;
				CLANG_WARN_OBJC_ROOT_CLASS = YES_ERROR;
				CLANG_WARN_UNREACHABLE_CODE = YES;
				CLANG_WARN__DUPLICATE_METHOD_MATCH = YES;
				COPY_PHASE_STRIP = NO;
				ENABLE_STRICT_OBJC_MSGSEND = YES;
				GCC_C_LANGUAGE_STANDARD = gnu99;
				GCC_DYNAMIC_NO_PIC = NO;
				GCC_OPTIMIZATION_LEVEL = 0;
				GCC_PREPROCESSOR_DEFINITIONS = (
					"DEBUG=1",
					"$(inherited)",
				);
				GCC_SYMBOLS_PRIVATE_EXTERN = NO;
				GCC_WARN_64_TO_32_BIT_CONVERSION = YES;
				GCC_WARN_ABOUT_RETURN_TYPE = YES_ERROR;
				GCC_WARN_UNDECLARED_SELECTOR = YES;
				GCC_WARN_UNINITIALIZED_AUTOS = YES_AGGRESSIVE;
				GCC_WARN_UNUSED_FUNCTION = YES;
				GCC_WARN_UNUSED_VARIABLE = YES;
				MACOSX_DEPLOYMENT_TARGET = 10.10;
				MTL_ENABLE_DEBUG_INFO = YES;
				ONLY_ACTIVE_ARCH = YES;
				SDKROOT = macosx;
			};
			name = Debug;
		};
		BF94DDCC1A281CE900A60421 /* Release */ = {
			isa = XCBuildConfiguration;
			buildSettings = {
				ALWAYS_SEARCH_USER_PATHS = NO;
				CLANG_CXX_LANGUAGE_STANDARD = "gnu++0x";
				CLANG_CXX_LIBRARY = "libc++";
				CLANG_ENABLE_MODULES = YES;
				CLANG_ENABLE_OBJC_ARC = YES;
				CLANG_WARN_BOOL_CONVERSION = YES;
				CLANG_WARN_CONSTANT_CONVERSION = YES;
				CLANG_WARN_DIRECT_OBJC_ISA_USAGE = YES_ERROR;
				CLANG_WARN_EMPTY_BODY = YES;
				CLANG_WARN_ENUM_CONVERSION = YES;
				CLANG_WARN_INT_CONVERSION = YES;
				CLANG_WARN_OBJC_ROOT_CLASS = YES_ERROR;
				CLANG_WARN_UNREACHABLE_CODE = YES;
				CLANG_WARN__DUPLICATE_METHOD_MATCH = YES;
				COPY_PHASE_STRIP = YES;
				DEBUG_INFORMATION_FORMAT = "dwarf-with-dsym";
				ENABLE_NS_ASSERTIONS = NO;
				ENABLE_STRICT_OBJC_MSGSEND = YES;
				GCC_C_LANGUAGE_STANDARD = gnu99;
				GCC_WARN_64_TO_32_BIT_CONVERSION = YES;
				GCC_WARN_ABOUT_RETURN_TYPE = YES_ERROR;
				GCC_WARN_UNDECLARED_SELECTOR = YES;
				GCC_WARN_UNINITIALIZED_AUTOS = YES_AGGRESSIVE;
				GCC_WARN_UNUSED_FUNCTION = YES;
				GCC_WARN_UNUSED_VARIABLE = YES;
				MACOSX_DEPLOYMENT_TARGET = 10.10;
				MTL_ENABLE_DEBUG_INFO = NO;
				SDKROOT = macosx;
			};
			name = Release;
		};
		BF94DDCE1A281CE900A60421 /* Debug */ = {
			isa = XCBuildConfiguration;
			buildSettings = {
				PRODUCT_NAME = "$(TARGET_NAME)";
			};
			name = Debug;
		};
		BF94DDCF1A281CE900A60421 /* Release */ = {
			isa = XCBuildConfiguration;
			buildSettings = {
				PRODUCT_NAME = "$(TARGET_NAME)";
			};
			name = Release;
		};
/* End XCBuildConfiguration section */

/* Begin XCConfigurationList section */
		BF94DDC11A281CE900A60421 /* Build configuration list for PBXProject "SequentialSA" */ = {
			isa = XCConfigurationList;
			buildConfigurations = (
				BF94DDCB1A281CE900A60421 /* Debug */,
				BF94DDCC1A281CE900A60421 /* Release */,
			);
			defaultConfigurationIsVisible = 0;
			defaultConfigurationName = Release;
		};
		BF94DDCD1A281CE900A60421 /* Build configuration list for PBXNativeTarget "SequentialSA" */ = {
			isa = XCConfigurationList;
			buildConfigurations = (
				BF94DDCE1A281CE900A60421 /* Debug */,
				BF94DDCF1A281CE900A60421 /* Release */,
			);
			defaultConfigurationIsVisible = 0;
			defaultConfigurationName = Release;
		};
/* End XCConfigurationList section */
	};
	rootObject = BF94DDBE1A281CE900A60421 /* Project object */;
}
